
Microsoft Visual Studio Solution File, Format Version 12.00
# Visual Studio Version 17
VisualStudioVersion = 17.14.36414.22 d17.14
MinimumVisualStudioVersion = 10.0.40219.1
Project("{2150E333-8FDC-42A3-9474-1A3956D46DE8}") = "Task0", "Task0", "{02EA681E-C7D8-13C7-8484-4AC65E1B71E8}"
EndProject
Project("{FAE04EC0-301F-11D3-BF4B-00C04F79EFBC}") = "Tyuiu.BocharovaES.Sprint3.Task0.V26", "Tyuiu.BocharovaES.Sprint3.Task0.V26\Tyuiu.BocharovaES.Sprint3.Task0.V26.csproj", "{20731CE2-05CC-46E4-9EA5-496C99186E14}"
EndProject
Project("{FAE04EC0-301F-11D3-BF4B-00C04F79EFBC}") = "Tyuiu.BocharovaES.Sprint3.Task0.V26.Lib", "Tyuiu.BocharovaES.Sprint3.Task0.V26.Lib\Tyuiu.BocharovaES.Sprint3.Task0.V26.Lib.csproj", "{C382C9B0-92F1-4ED7-BB5F-C7188EF61C93}"
EndProject
Project("{FAE04EC0-301F-11D3-BF4B-00C04F79EFBC}") = "Tyuiu.BocharovaES.Sprint3.Task0.V26.Test", "Tyuiu.BocharovaES.Sprint3.Task0.V26.Test\Tyuiu.BocharovaES.Sprint3.Task0.V26.Test.csproj", "{B9A0BD56-61E3-483F-AC2C-F64B82C03F28}"
EndProject
Global
	GlobalSection(SolutionConfigurationPlatforms) = preSolution
		Debug|Any CPU = Debug|Any CPU
		Release|Any CPU = Release|Any CPU
	EndGlobalSection
	GlobalSection(ProjectConfigurationPlatforms) = postSolution
		{20731CE2-05CC-46E4-9EA5-496C99186E14}.Debug|Any CPU.ActiveCfg = Debug|Any CPU
		{20731CE2-05CC-46E4-9EA5-496C99186E14}.Debug|Any CPU.Build.0 = Debug|Any CPU
		{20731CE2-05CC-46E4-9EA5-496C99186E14}.Release|Any CPU.ActiveCfg = Release|Any CPU
		{20731CE2-05CC-46E4-9EA5-496C99186E14}.Release|Any CPU.Build.0 = Release|Any CPU
		{C382C9B0-92F1-4ED7-BB5F-C7188EF61C93}.Debug|Any CPU.ActiveCfg = Debug|Any CPU
		{C382C9B0-92F1-4ED7-BB5F-C7188EF61C93}.Debug|Any CPU.Build.0 = Debug|Any CPU
		{C382C9B0-92F1-4ED7-BB5F-C7188EF61C93}.Release|Any CPU.ActiveCfg = Release|Any CPU
		{C382C9B0-92F1-4ED7-BB5F-C7188EF61C93}.Release|Any CPU.Build.0 = Release|Any CPU
		{B9A0BD56-61E3-483F-AC2C-F64B82C03F28}.Debug|Any CPU.ActiveCfg = Debug|Any CPU
		{B9A0BD56-61E3-483F-AC2C-F64B82C03F28}.Debug|Any CPU.Build.0 = Debug|Any CPU
		{B9A0BD56-61E3-483F-AC2C-F64B82C03F28}.Release|Any CPU.ActiveCfg = Release|Any CPU
		{B9A0BD56-61E3-483F-AC2C-F64B82C03F28}.Release|Any CPU.Build.0 = Release|Any CPU
	EndGlobalSection
	GlobalSection(SolutionProperties) = preSolution
		HideSolutionNode = FALSE
	EndGlobalSection
	GlobalSection(NestedProjects) = preSolution
		{20731CE2-05CC-46E4-9EA5-496C99186E14} = {02EA681E-C7D8-13C7-8484-4AC65E1B71E8}
		{C382C9B0-92F1-4ED7-BB5F-C7188EF61C93} = {02EA681E-C7D8-13C7-8484-4AC65E1B71E8}
		{B9A0BD56-61E3-483F-AC2C-F64B82C03F28} = {02EA681E-C7D8-13C7-8484-4AC65E1B71E8}
	EndGlobalSection
	GlobalSection(ExtensibilityGlobals) = postSolution
		SolutionGuid = {FE24BD69-0FFB-4F1C-AD93-B068D5B05B01}
	EndGlobalSection
EndGlobal
